
Microsoft Visual Studio Solution File, Format Version 12.00
# Visual Studio 2013
VisualStudioVersion = 12.0.21005.1
MinimumVisualStudioVersion = 10.0.40219.1
Project("{FAE04EC0-301F-11D3-BF4B-00C04F79EFBC}") = "Library.web", "Library.web\Library.web.csproj", "{8F6336F9-8923-42B5-9BE4-519DF5960511}"
EndProject
Project("{FAE04EC0-301F-11D3-BF4B-00C04F79EFBC}") = "Library.Infrastructure", "Library.Infrastructure\Library.Infrastructure.csproj", "{6A9DE658-86F6-408F-BCA9-692BAF54880D}"
EndProject
Project("{FAE04EC0-301F-11D3-BF4B-00C04F79EFBC}") = "Library.core", "Library.core\Library.core.csproj", "{B8EF4F27-1DD4-4257-AA15-3A39E2538718}"
EndProject
Global
	GlobalSection(SolutionConfigurationPlatforms) = preSolution
		Debug|Any CPU = Debug|Any CPU
		Release|Any CPU = Release|Any CPU
	EndGlobalSection
	GlobalSection(ProjectConfigurationPlatforms) = postSolution
		{8F6336F9-8923-42B5-9BE4-519DF5960511}.Debug|Any CPU.ActiveCfg = Debug|Any CPU
		{8F6336F9-8923-42B5-9BE4-519DF5960511}.Debug|Any CPU.Build.0 = Debug|Any CPU
		{8F6336F9-8923-42B5-9BE4-519DF5960511}.Release|Any CPU.ActiveCfg = Release|Any CPU
		{8F6336F9-8923-42B5-9BE4-519DF5960511}.Release|Any CPU.Build.0 = Release|Any CPU
		{6A9DE658-86F6-408F-BCA9-692BAF54880D}.Debug|Any CPU.ActiveCfg = Debug|Any CPU
		{6A9DE658-86F6-408F-BCA9-692BAF54880D}.Debug|Any CPU.Build.0 = Debug|Any CPU
		{6A9DE658-86F6-408F-BCA9-692BAF54880D}.Release|Any CPU.ActiveCfg = Release|Any CPU
		{6A9DE658-86F6-408F-BCA9-692BAF54880D}.Release|Any CPU.Build.0 = Release|Any CPU
		{B8EF4F27-1DD4-4257-AA15-3A39E2538718}.Debug|Any CPU.ActiveCfg = Debug|Any CPU
		{B8EF4F27-1DD4-4257-AA15-3A39E2538718}.Debug|Any CPU.Build.0 = Debug|Any CPU
		{B8EF4F27-1DD4-4257-AA15-3A39E2538718}.Release|Any CPU.ActiveCfg = Release|Any CPU
		{B8EF4F27-1DD4-4257-AA15-3A39E2538718}.Release|Any CPU.Build.0 = Release|Any CPU
	EndGlobalSection
	GlobalSection(SolutionProperties) = preSolution
		HideSolutionNode = FALSE
	EndGlobalSection
EndGlobal
